// !$*UTF8*$!
{
	archiveVersion = 1;
	classes = {
	};
	objectVersion = 46;
	objects = {

/* Begin PBXAggregateTarget section */
		BD48019F12399DF900DFB19E /* Build Custom Framework */ = {
			isa = PBXAggregateTarget;
			buildConfigurationList = BD4801A212399E2300DFB19E /* Build configuration list for PBXAggregateTarget "Build Custom Framework" */;
			buildPhases = (
				BD48019E12399DF900DFB19E /* ShellScript */,
			);
			dependencies = (
			);
			name = "Build Custom Framework";
			productName = "Build Custom Framework";
		};
/* End PBXAggregateTarget section */

/* Begin PBXBuildFile section */
		16BA95420A7EB2EB001E4983 /* SyphonServerQCPlugIn.m in Sources */ = {isa = PBXBuildFile; fileRef = 16BA95410A7EB2EB001E4983 /* SyphonServerQCPlugIn.m */; };
		16BA96310A7EB9AC001E4983 /* Quartz.framework in Frameworks */ = {isa = PBXBuildFile; fileRef = 16BA96300A7EB9AC001E4983 /* Quartz.framework */; };
		1B8F521911CF4301009968B9 /* SyphonClientQCPlugIn.m in Sources */ = {isa = PBXBuildFile; fileRef = 1B8F521811CF4301009968B9 /* SyphonClientQCPlugIn.m */; };
		1BF2B3E811D3BCDE00D4ED6D /* OpenGL.framework in Frameworks */ = {isa = PBXBuildFile; fileRef = 1BF2B3E111D3BCAA00D4ED6D /* OpenGL.framework */; };
		1BF2BC5B11D81DD200D4ED6D /* SyphonServerListQCPlugIn.m in Sources */ = {isa = PBXBuildFile; fileRef = 1BF2BC5A11D81DD200D4ED6D /* SyphonServerListQCPlugIn.m */; };
		8D5B49B4048680CD000E48DA /* Cocoa.framework in Frameworks */ = {isa = PBXBuildFile; fileRef = 1058C7ADFEA557BF11CA2CBB /* Cocoa.framework */; };
		BD06EB52124393FC00E7CE88 /* SyphonQCFBO.m in Sources */ = {isa = PBXBuildFile; fileRef = BD06EB51124393FC00E7CE88 /* SyphonQCFBO.m */; };
		BD4801B21239A0E700DFB19E /* Syphon.framework in Frameworks */ = {isa = PBXBuildFile; fileRef = BD4801B11239A0E700DFB19E /* Syphon.framework */; };
		BD4801BB1239A10700DFB19E /* Syphon.framework in Copy Syphon Framework */ = {isa = PBXBuildFile; fileRef = BD4801B11239A0E700DFB19E /* Syphon.framework */; };
		BDD6BE5C11F74A9E007DF9F0 /* SyphonNameboundClient.m in Sources */ = {isa = PBXBuildFile; fileRef = BDD6BE5B11F74A9E007DF9F0 /* SyphonNameboundClient.m */; };
/* End PBXBuildFile section */

/* Begin PBXContainerItemProxy section */
		BD4801AD1239A06D00DFB19E /* PBXContainerItemProxy */ = {
			isa = PBXContainerItemProxy;
			containerPortal = 089C1669FE841209C02AAC07 /* Project object */;
			proxyType = 1;
			remoteGlobalIDString = BD48019F12399DF900DFB19E;
			remoteInfo = "Build Custom Framework";
		};
/* End PBXContainerItemProxy section */

/* Begin PBXCopyFilesBuildPhase section */
		1BB5769D11CF1C8F008A305F /* Copy Syphon Framework */ = {
			isa = PBXCopyFilesBuildPhase;
			buildActionMask = 2147483647;
			dstPath = "";
			dstSubfolderSpec = 10;
			files = (
				BD4801BB1239A10700DFB19E /* Syphon.framework in Copy Syphon Framework */,
			);
			name = "Copy Syphon Framework";
			runOnlyForDeploymentPostprocessing = 0;
		};
/* End PBXCopyFilesBuildPhase section */

/* Begin PBXFileReference section */
		1058C7ADFEA557BF11CA2CBB /* Cocoa.framework */ = {isa = PBXFileReference; lastKnownFileType = wrapper.framework; name = Cocoa.framework; path = /System/Library/Frameworks/Cocoa.framework; sourceTree = "<absolute>"; };
		16AA5C440A7EEE7300888E31 /* SyphonQC_Prefix.pch */ = {isa = PBXFileReference; fileEncoding = 30; lastKnownFileType = sourcecode.c.h; path = SyphonQC_Prefix.pch; sourceTree = "<group>"; };
		16BA95400A7EB2EB001E4983 /* SyphonServerQCPlugIn.h */ = {isa = PBXFileReference; fileEncoding = 30; lastKnownFileType = sourcecode.c.h; path = SyphonServerQCPlugIn.h; sourceTree = "<group>"; };
		16BA95410A7EB2EB001E4983 /* SyphonServerQCPlugIn.m */ = {isa = PBXFileReference; fileEncoding = 30; lastKnownFileType = sourcecode.c.objc; path = SyphonServerQCPlugIn.m; sourceTree = "<group>"; };
		16BA96300A7EB9AC001E4983 /* Quartz.framework */ = {isa = PBXFileReference; lastKnownFileType = wrapper.framework; name = Quartz.framework; path = /System/Library/Frameworks/Quartz.framework; sourceTree = "<absolute>"; };
		1B8F521711CF4301009968B9 /* SyphonClientQCPlugIn.h */ = {isa = PBXFileReference; fileEncoding = 4; lastKnownFileType = sourcecode.c.h; path = SyphonClientQCPlugIn.h; sourceTree = "<group>"; };
		1B8F521811CF4301009968B9 /* SyphonClientQCPlugIn.m */ = {isa = PBXFileReference; fileEncoding = 4; lastKnownFileType = sourcecode.c.objc; path = SyphonClientQCPlugIn.m; sourceTree = "<group>"; };
		1BF2B3E111D3BCAA00D4ED6D /* OpenGL.framework */ = {isa = PBXFileReference; lastKnownFileType = wrapper.framework; name = OpenGL.framework; path = System/Library/Frameworks/OpenGL.framework; sourceTree = SDKROOT; };
		1BF2BC5911D81DD200D4ED6D /* SyphonServerListQCPlugIn.h */ = {isa = PBXFileReference; fileEncoding = 4; lastKnownFileType = sourcecode.c.h; path = SyphonServerListQCPlugIn.h; sourceTree = "<group>"; };
		1BF2BC5A11D81DD200D4ED6D /* SyphonServerListQCPlugIn.m */ = {isa = PBXFileReference; fileEncoding = 4; lastKnownFileType = sourcecode.c.objc; path = SyphonServerListQCPlugIn.m; sourceTree = "<group>"; };
		8D5B49B6048680CD000E48DA /* Syphon.plugin */ = {isa = PBXFileReference; explicitFileType = wrapper.cfbundle; includeInIndex = 0; path = Syphon.plugin; sourceTree = BUILT_PRODUCTS_DIR; };
		8D5B49B7048680CD000E48DA /* Info.plist */ = {isa = PBXFileReference; fileEncoding = 4; lastKnownFileType = text.plist.xml; path = Info.plist; sourceTree = "<group>"; };
		BD06EB50124393FC00E7CE88 /* SyphonQCFBO.h */ = {isa = PBXFileReference; fileEncoding = 4; lastKnownFileType = sourcecode.c.h; path = SyphonQCFBO.h; sourceTree = "<group>"; };
		BD06EB51124393FC00E7CE88 /* SyphonQCFBO.m */ = {isa = PBXFileReference; fileEncoding = 4; lastKnownFileType = sourcecode.c.objc; path = SyphonQCFBO.m; sourceTree = "<group>"; };
		BD4801B11239A0E700DFB19E /* Syphon.framework */ = {isa = PBXFileReference; lastKnownFileType = wrapper.framework; path = Syphon.framework; sourceTree = BUILT_PRODUCTS_DIR; };
		BDD6BE5A11F74A9E007DF9F0 /* SyphonNameboundClient.h */ = {isa = PBXFileReference; fileEncoding = 4; lastKnownFileType = sourcecode.c.h; name = SyphonNameboundClient.h; path = ../Shared/SyphonNameboundClient.h; sourceTree = SOURCE_ROOT; };
		BDD6BE5B11F74A9E007DF9F0 /* SyphonNameboundClient.m */ = {isa = PBXFileReference; fileEncoding = 4; lastKnownFileType = sourcecode.c.objc; name = SyphonNameboundClient.m; path = ../Shared/SyphonNameboundClient.m; sourceTree = SOURCE_ROOT; };
/* End PBXFileReference section */

/* Begin PBXFrameworksBuildPhase section */
		8D5B49B3048680CD000E48DA /* Frameworks */ = {
			isa = PBXFrameworksBuildPhase;
			buildActionMask = 2147483647;
			files = (
				1BF2B3E811D3BCDE00D4ED6D /* OpenGL.framework in Frameworks */,
				8D5B49B4048680CD000E48DA /* Cocoa.framework in Frameworks */,
				16BA96310A7EB9AC001E4983 /* Quartz.framework in Frameworks */,
				BD4801B21239A0E700DFB19E /* Syphon.framework in Frameworks */,
			);
			runOnlyForDeploymentPostprocessing = 0;
		};
/* End PBXFrameworksBuildPhase section */

/* Begin PBXGroup section */
		089C166AFE841209C02AAC07 /* Quartz Composer Plug In */ = {
			isa = PBXGroup;
			children = (
				08FB77AFFE84173DC02AAC07 /* Classes */,
				32C88E010371C26100C91783 /* Other Sources */,
				089C167CFE841241C02AAC07 /* Resources */,
				089C1671FE841209C02AAC07 /* Frameworks */,
				19C28FB8FE9D52D311CA2CBB /* Products */,
			);
			name = "Quartz Composer Plug In";
			sourceTree = "<group>";
		};
		089C1671FE841209C02AAC07 /* Frameworks */ = {
			isa = PBXGroup;
			children = (
				BD4801B11239A0E700DFB19E /* Syphon.framework */,
				16BA96300A7EB9AC001E4983 /* Quartz.framework */,
				1058C7ADFEA557BF11CA2CBB /* Cocoa.framework */,
				1BF2B3E111D3BCAA00D4ED6D /* OpenGL.framework */,
			);
			name = Frameworks;
			sourceTree = "<group>";
		};
		089C167CFE841241C02AAC07 /* Resources */ = {
			isa = PBXGroup;
			children = (
				8D5B49B7048680CD000E48DA /* Info.plist */,
			);
			name = Resources;
			sourceTree = "<group>";
		};
		08FB77AFFE84173DC02AAC07 /* Classes */ = {
			isa = PBXGroup;
			children = (
				BDD6BE5911F74A1D007DF9F0 /* Server List */,
				BDD6BE5811F74A00007DF9F0 /* Client */,
				BDD6BE5711F749F9007DF9F0 /* Server */,
			);
			name = Classes;
			sourceTree = "<group>";
		};
		19C28FB8FE9D52D311CA2CBB /* Products */ = {
			isa = PBXGroup;
			children = (
				8D5B49B6048680CD000E48DA /* Syphon.plugin */,
			);
			name = Products;
			sourceTree = "<group>";
		};
		32C88E010371C26100C91783 /* Other Sources */ = {
			isa = PBXGroup;
			children = (
				16AA5C440A7EEE7300888E31 /* SyphonQC_Prefix.pch */,
			);
			name = "Other Sources";
			sourceTree = "<group>";
		};
		BDD6BE5711F749F9007DF9F0 /* Server */ = {
			isa = PBXGroup;
			children = (
				16BA95400A7EB2EB001E4983 /* SyphonServerQCPlugIn.h */,
				16BA95410A7EB2EB001E4983 /* SyphonServerQCPlugIn.m */,
			);
			name = Server;
			sourceTree = "<group>";
		};
		BDD6BE5811F74A00007DF9F0 /* Client */ = {
			isa = PBXGroup;
			children = (
				BD06EB50124393FC00E7CE88 /* SyphonQCFBO.h */,
				BD06EB51124393FC00E7CE88 /* SyphonQCFBO.m */,
				1B8F521711CF4301009968B9 /* SyphonClientQCPlugIn.h */,
				1B8F521811CF4301009968B9 /* SyphonClientQCPlugIn.m */,
				BDD6BE5A11F74A9E007DF9F0 /* SyphonNameboundClient.h */,
				BDD6BE5B11F74A9E007DF9F0 /* SyphonNameboundClient.m */,
			);
			name = Client;
			sourceTree = "<group>";
		};
		BDD6BE5911F74A1D007DF9F0 /* Server List */ = {
			isa = PBXGroup;
			children = (
				1BF2BC5911D81DD200D4ED6D /* SyphonServerListQCPlugIn.h */,
				1BF2BC5A11D81DD200D4ED6D /* SyphonServerListQCPlugIn.m */,
			);
			name = "Server List";
			sourceTree = "<group>";
		};
/* End PBXGroup section */

/* Begin PBXNativeTarget section */
		8D5B49AC048680CD000E48DA /* SyphonQC */ = {
			isa = PBXNativeTarget;
			buildConfigurationList = 1DEB913A08733D840010E9CD /* Build configuration list for PBXNativeTarget "SyphonQC" */;
			buildPhases = (
				8D5B49B1048680CD000E48DA /* Sources */,
				8D5B49B3048680CD000E48DA /* Frameworks */,
				1BB5769D11CF1C8F008A305F /* Copy Syphon Framework */,
				1BF2B36811D31F0700D4ED6D /* Resources */,
			);
			buildRules = (
			);
			dependencies = (
				BD4801AE1239A06D00DFB19E /* PBXTargetDependency */,
			);
			name = SyphonQC;
			productInstallPath = "$(HOME)/Library/Bundles";
			productName = "Quartz Composer Plug In";
			productReference = 8D5B49B6048680CD000E48DA /* Syphon.plugin */;
			productType = "com.apple.product-type.bundle";
		};
/* End PBXNativeTarget section */

/* Begin PBXProject section */
		089C1669FE841209C02AAC07 /* Project object */ = {
			isa = PBXProject;
			attributes = {
				LastUpgradeCheck = 0440;
			};
			buildConfigurationList = 1DEB913E08733D840010E9CD /* Build configuration list for PBXProject "SyphonQC" */;
			compatibilityVersion = "Xcode 3.2";
			developmentRegion = English;
			hasScannedForEncodings = 1;
			knownRegions = (
				English,
				Japanese,
				French,
				German,
			);
			mainGroup = 089C166AFE841209C02AAC07 /* Quartz Composer Plug In */;
			projectDirPath = "";
			projectRoot = "";
			targets = (
				BD48019F12399DF900DFB19E /* Build Custom Framework */,
				8D5B49AC048680CD000E48DA /* SyphonQC */,
			);
		};
/* End PBXProject section */

/* Begin PBXResourcesBuildPhase section */
		1BF2B36811D31F0700D4ED6D /* Resources */ = {
			isa = PBXResourcesBuildPhase;
			buildActionMask = 2147483647;
			files = (
			);
			runOnlyForDeploymentPostprocessing = 0;
		};
/* End PBXResourcesBuildPhase section */

/* Begin PBXShellScriptBuildPhase section */
		BD48019E12399DF900DFB19E /* ShellScript */ = {
			isa = PBXShellScriptBuildPhase;
			buildActionMask = 2147483647;
			files = (
			);
			inputPaths = (
			);
			outputPaths = (
			);
			runOnlyForDeploymentPostprocessing = 0;
			shellPath = /bin/sh;
			shellScript = "cd \"$PROJECT_DIR/../../Syphon Framework/\"\nxcodebuild -configuration \"$CONFIGURATION\" ARCHS=\"$ARCHS\" VALID_ARCHS=\"$VALID_ARCHS\" OBJROOT=\"$OBJROOT\" SYMROOT=\"$SYMROOT\" GCC_PREPROCESSOR_DEFINITIONS=SYPHON_UNIQUE_CLASS_NAME_PREFIX=SyphonQCPlugIn";
		};
/* End PBXShellScriptBuildPhase section */

/* Begin PBXSourcesBuildPhase section */
		8D5B49B1048680CD000E48DA /* Sources */ = {
			isa = PBXSourcesBuildPhase;
			buildActionMask = 2147483647;
			files = (
				16BA95420A7EB2EB001E4983 /* SyphonServerQCPlugIn.m in Sources */,
				1B8F521911CF4301009968B9 /* SyphonClientQCPlugIn.m in Sources */,
				1BF2BC5B11D81DD200D4ED6D /* SyphonServerListQCPlugIn.m in Sources */,
				BDD6BE5C11F74A9E007DF9F0 /* SyphonNameboundClient.m in Sources */,
				BD06EB52124393FC00E7CE88 /* SyphonQCFBO.m in Sources */,
			);
			runOnlyForDeploymentPostprocessing = 0;
		};
/* End PBXSourcesBuildPhase section */

/* Begin PBXTargetDependency section */
		BD4801AE1239A06D00DFB19E /* PBXTargetDependency */ = {
			isa = PBXTargetDependency;
			target = BD48019F12399DF900DFB19E /* Build Custom Framework */;
			targetProxy = BD4801AD1239A06D00DFB19E /* PBXContainerItemProxy */;
		};
/* End PBXTargetDependency section */

/* Begin XCBuildConfiguration section */
		1DEB913B08733D840010E9CD /* Debug */ = {
			isa = XCBuildConfiguration;
			buildSettings = {
				COMBINE_HIDPI_IMAGES = YES;
				COPY_PHASE_STRIP = NO;
				FRAMEWORK_SEARCH_PATHS = "\"$(CONFIGURATION_BUILD_DIR)\"";
				GCC_DYNAMIC_NO_PIC = NO;
				GCC_ENABLE_OBJC_GC = supported;
				GCC_MODEL_TUNING = G5;
				GCC_OPTIMIZATION_LEVEL = 0;
				GCC_PRECOMPILE_PREFIX_HEADER = YES;
				GCC_PREFIX_HEADER = SyphonQC_Prefix.pch;
				INFOPLIST_FILE = Info.plist;
				INSTALL_PATH = "$(HOME)/Library/Graphics/Quartz Composer Plug-Ins";
				MACOSX_DEPLOYMENT_TARGET = 10.6;
				PRODUCT_NAME = Syphon;
				WRAPPER_EXTENSION = plugin;
				ZERO_LINK = YES;
			};
			name = Debug;
		};
		1DEB913C08733D840010E9CD /* Release */ = {
			isa = XCBuildConfiguration;
			buildSettings = {
				COMBINE_HIDPI_IMAGES = YES;
				DEBUG_INFORMATION_FORMAT = "dwarf-with-dsym";
				FRAMEWORK_SEARCH_PATHS = "\"$(CONFIGURATION_BUILD_DIR)\"";
				GCC_ENABLE_OBJC_GC = supported;
				GCC_MODEL_TUNING = G5;
				GCC_PRECOMPILE_PREFIX_HEADER = YES;
				GCC_PREFIX_HEADER = SyphonQC_Prefix.pch;
				INFOPLIST_FILE = Info.plist;
				INSTALL_PATH = "$(HOME)/Library/Graphics/Quartz Composer Plug-Ins";
				MACOSX_DEPLOYMENT_TARGET = 10.6;
				PRODUCT_NAME = Syphon;
				WRAPPER_EXTENSION = plugin;
			};
			name = Release;
		};
		1DEB913F08733D840010E9CD /* Debug */ = {
			isa = XCBuildConfiguration;
			buildSettings = {
				ARCHS = "$(ARCHS_STANDARD_32_64_BIT)";
				GCC_C_LANGUAGE_STANDARD = gnu99;
				GCC_VERSION = com.apple.compilers.llvm.clang.1_0;
				GCC_WARN_ABOUT_RETURN_TYPE = YES;
				GCC_WARN_UNUSED_VARIABLE = YES;
				MACOSX_DEPLOYMENT_TARGET = 10.6;
				ONLY_ACTIVE_ARCH = YES;
				SDKROOT = macosx;
				VALID_ARCHS = "i386 x86_64";
			};
			name = Debug;
		};
		1DEB914008733D840010E9CD /* Release */ = {
			isa = XCBuildConfiguration;
			buildSettings = {
				ARCHS = "$(ARCHS_STANDARD_32_64_BIT)";
				GCC_C_LANGUAGE_STANDARD = gnu99;
				GCC_VERSION = com.apple.compilers.llvm.clang.1_0;
				GCC_WARN_ABOUT_RETURN_TYPE = YES;
				GCC_WARN_UNUSED_VARIABLE = YES;
				MACOSX_DEPLOYMENT_TARGET = 10.6;
				SDKROOT = macosx;
				VALID_ARCHS = "i386 x86_64";
			};
			name = Release;
		};
		BD4801A012399DF900DFB19E /* Debug */ = {
			isa = XCBuildConfiguration;
			buildSettings = {
				COMBINE_HIDPI_IMAGES = YES;
				COPY_PHASE_STRIP = NO;
				GCC_DYNAMIC_NO_PIC = NO;
				GCC_OPTIMIZATION_LEVEL = 0;
				MACOSX_DEPLOYMENT_TARGET = 10.6;
				PRODUCT_NAME = "Build Custom Framework";
			};
			name = Debug;
		};
		BD4801A112399DF900DFB19E /* Release */ = {
			isa = XCBuildConfiguration;
			buildSettings = {
				COMBINE_HIDPI_IMAGES = YES;
				COPY_PHASE_STRIP = YES;
				DEBUG_INFORMATION_FORMAT = "dwarf-with-dsym";
				MACOSX_DEPLOYMENT_TARGET = 10.6;
				PRODUCT_NAME = "Build Custom Framework";
				ZERO_LINK = NO;
			};
			name = Release;
		};
/* End XCBuildConfiguration section */

/* Begin XCConfigurationList section */
		1DEB913A08733D840010E9CD /* Build configuration list for PBXNativeTarget "SyphonQC" */ = {
			isa = XCConfigurationList;
			buildConfigurations = (
				1DEB913B08733D840010E9CD /* Debug */,
				1DEB913C08733D840010E9CD /* Release */,
			);
			defaultConfigurationIsVisible = 0;
			defaultConfigurationName = Release;
		};
		1DEB913E08733D840010E9CD /* Build configuration list for PBXProject "SyphonQC" */ = {
			isa = XCConfigurationList;
			buildConfigurations = (
				1DEB913F08733D840010E9CD /* Debug */,
				1DEB914008733D840010E9CD /* Release */,
			);
			defaultConfigurationIsVisible = 0;
			defaultConfigurationName = Release;
		};
		BD4801A212399E2300DFB19E /* Build configuration list for PBXAggregateTarget "Build Custom Framework" */ = {
			isa = XCConfigurationList;
			buildConfigurations = (
				BD4801A012399DF900DFB19E /* Debug */,
				BD4801A112399DF900DFB19E /* Release */,
			);
			defaultConfigurationIsVisible = 0;
			defaultConfigurationName = Release;
		};
/* End XCConfigurationList section */
	};
	rootObject = 089C1669FE841209C02AAC07 /* Project object */;
}
